
Microsoft Visual Studio Solution File, Format Version 12.00
# Visual Studio Version 17
VisualStudioVersion = 17.1.32210.238
MinimumVisualStudioVersion = 10.0.40219.1
Project("{FAE04EC0-301F-11D3-BF4B-00C04F79EFBC}") = "Tic Tac Toe Final Project", "Tic Tac Toe Final Project\Tic Tac Toe Final Project.csproj", "{CDBB7591-4412-45A2-A922-5BE5A852FD0B}"
EndProject
Global
	GlobalSection(SolutionConfigurationPlatforms) = preSolution
		Debug|Any CPU = Debug|Any CPU
		Release|Any CPU = Release|Any CPU
	EndGlobalSection
	GlobalSection(ProjectConfigurationPlatforms) = postSolution
		{CDBB7591-4412-45A2-A922-5BE5A852FD0B}.Debug|Any CPU.ActiveCfg = Debug|Any CPU
		{CDBB7591-4412-45A2-A922-5BE5A852FD0B}.Debug|Any CPU.Build.0 = Debug|Any CPU
		{CDBB7591-4412-45A2-A922-5BE5A852FD0B}.Release|Any CPU.ActiveCfg = Release|Any CPU
		{CDBB7591-4412-45A2-A922-5BE5A852FD0B}.Release|Any CPU.Build.0 = Release|Any CPU
	EndGlobalSection
	GlobalSection(SolutionProperties) = preSolution
		HideSolutionNode = FALSE
	EndGlobalSection
	GlobalSection(ExtensibilityGlobals) = postSolution
		SolutionGuid = {F89D1191-679F-44E0-B760-24DF268C6378}
	EndGlobalSection
EndGlobal
